github.com/BurntSushi/toml v0.3.1/go.mod h1:xHWCNGjB5oqiDr8zfno3MHue2Ht5sIBksp03qcyfWMU=
github.com/minio/cli v1.24.2 h1:J+fCUh9mhPLjN3Lj/YhklXvxj8mnyE/D6FpFduXJ2jg=
github.com/minio/cli v1.24.2/go.mod h1:bYxnK0uS629N3Bq+AOZZ+6lwF77Sodk4+UL9vNuXhOY=
github.com/minio/pkg/v2 v2.0.13 h1:Tm4koPzm+gVVCU5YLPtzXzfwkCR5sd/asXCu/RABSeA=
github.com/minio/pkg/v2 v2.0.13/go.mod h1:zbVATXCinLCo+L/4vsPyqgiA4OYPXCJb+/E4KfE396A=
gopkg.in/check.v1 v0.0.0-20161208181325-20d25e280405/go.mod h1:Co6ibVJAznAaIkqp8huTwlJQCZ016jof/cbN4VW5Yz0=
gopkg.in/urfave/cli.v1 v1.20.0/go.mod h1:vuBzUtMdQeixQj8LVd+/98pzhxNGQoyuPBlsXHOQNO0=
gopkg.in/yaml.v2 v2.2.2/go.mod h1:hI93XBmqTisBFMUTm0b8Fm+jr3Dg1NNxqwp+5A1VGuI=
