cloud.google.com/go v0.0.0-20180920172024-e0c17b1c932e/go.mod h1:aQUYkXzVsufM+DwF1aE+0xfcU+56JwCaLick0ClmMTw=
cloud.google.com/go v0.23.0 h1:w1svupRqvZnfjN9+KksMiggoIRQuMzWkVzpxcR96xDs=
cloud.google.com/go v0.23.0/go.mod h1:aQUYkXzVsufM+DwF1aE+0xfcU+56JwCaLick0ClmMTw=
contrib.go.opencensus.io/exporter/stackdriver v0.0.0-20180919222851-d1e19f5c23e9 h1:qGDL/as+reGch2TnQl053h96loeNRKASdiRqnKQDLko=
contrib.go.opencensus.io/exporter/stackdriver v0.0.0-20180919222851-d1e19f5c23e9/go.mod h1:hNe5qQofPbg6bLQY5wHCvQ7o+2E5P8PkegEuQ+MyRw0=
git.apache.org/thrift.git v0.0.0-20180902110319-2566ecd5d999/go.mod h1:fPE2ZNJGynbRyZ4dJvy6G277gSllfV2HJqblrnkyeyg=
git.apache.org/thrift.git v0.12.0 h1:CMxsZlAmxKs+VAZMlDDL0wXciMblJcutQbEe3A9CYUM=
git.apache.org/thrift.git v0.12.0/go.mod h1:fPE2ZNJGynbRyZ4dJvy6G277gSllfV2HJqblrnkyeyg=
github.com/Azure/azure-sdk-for-go v0.0.0-20170922221532-21f5db4a3b31 h1:bGwDDqCkgtVjCmY4eO+MKRYKcY0a33ilfAHXQSYti78=
github.com/Azure/azure-sdk-for-go v0.0.0-20170922221532-21f5db4a3b31/go.mod h1:9XXNKU+eRnpl9moKnB4QOLf1HestfXbmab5FXxiDBjc=
github.com/Azure/go-autorest v9.0.0+incompatible h1:kSakiOmD/9NnMttRw8Id7IAySWbPe7zNDn8lGuFAsgo=
github.com/Azure/go-autorest v9.0.0+incompatible/go.mod h1:r+4oMnoxhatjLLJ6zxSWATqVooLgysK6ZNox3g/xq24=
github.com/alecthomas/participle v0.0.0-20190103085315-bf8340a459bd h1:Fx8zE0HVKjLkrRpyds1EK9HJeXWTVlO2dqWC5UNR4Wc=
github.com/alecthomas/participle v0.0.0-20190103085315-bf8340a459bd/go.mod h1:SW6HZGeZgSIpcUWX3fXpfZhuaWHnmoD5KCVaqSaNTkk=
github.com/aliyun/aliyun-oss-go-sdk v0.0.0-20170925032315-6fe16293d6b7 h1:uHceyjNJ6fFv1Vv2zOrB7Qm8VnVjQ/TuJ8mwV7pHPKk=
github.com/aliyun/aliyun-oss-go-sdk v0.0.0-20170925032315-6fe16293d6b7/go.mod h1:T/Aws4fEfogEE9v+HPhhw+CntffsBHJ8nXQCwKr0/g8=
github.com/armon/go-radix v0.0.0-20180808171621-7fddfc383310/go.mod h1:ufUuZ+zHj4x4TnLV4JWEpy2hxWSpsRywHrMgIH9cCH8=
github.com/aws/aws-sdk-go v1.15.31/go.mod h1:mFuSZ37Z9YOHbQEwBWztmVzqXrEkub65tZoCYDt7FT0=
github.com/bcicen/jstream v0.0.0-20190220045926-16c1f8af81c2 h1:M+TYzBcNIRyzPRg66ndEqUMd7oWDmhvdQmaPC6EZNwM=
github.com/bcicen/jstream v0.0.0-20190220045926-16c1f8af81c2/go.mod h1:RDu/qcrnpEdJC/p8tx34+YBFqqX71lB7dOX9QE+ZC4M=
github.com/beorn7/perks v0.0.0-20180321164747-3a771d992973 h1:xJ4a3vCFaGF/jqvzLMYoU8P317H5OQ+Via4RmuPwCS0=
github.com/beorn7/perks v0.0.0-20180321164747-3a771d992973/go.mod h1:Dwedo/Wpr24TaqPxmxbtue+5NUziq4I4S80YR8gNf3Q=
github.com/bgentry/speakeasy v0.1.0/go.mod h1:+zsyZBPWlz7T6j88CTgSN5bM796AkVf0kBD4zp0CCIs=
github.com/cheggaaa/pb v0.0.0-20160713104425-73ae1d68fe0b h1:byvZ+gwmaExJc7n2oYzpN3VCnUDOUwqzo/JrunZmvGk=
github.com/cheggaaa/pb v0.0.0-20160713104425-73ae1d68fe0b/go.mod h1:pQciLPpbU0oxA0h+VJYYLxO+XeDQb5pZijXscXHm81s=
github.com/coredns/coredns v0.0.0-20180121192821-d4bf076ccf4e h1:AExHcQe3cJZQk3wgIs9UmW0lR9Bp1hk+X8YK5Bbn6/4=
github.com/coredns/coredns v0.0.0-20180121192821-d4bf076ccf4e/go.mod h1:zASH/MVDgR6XZTbxvOnsZfffS+31vg6Ackf/wo1+AM0=
github.com/coreos/etcd v0.0.0-20180703215944-e4425ee79f2f h1:YcMpzEkbh12yE3+PngDUFe69GCbqvNwBiUJJQZV7vGY=
github.com/coreos/etcd v0.0.0-20180703215944-e4425ee79f2f/go.mod h1:uF7uidLiAD3TWHmW31ZFd/JWoc32PjwdhPthX9715RE=
github.com/coreos/go-systemd v0.0.0-20180525142239-a4887aeaa186 h1:d3qD/+gm+uFN6SEjkWwnI0m55lJ1TKk1sqwKlmGvOxI=
github.com/coreos/go-systemd v0.0.0-20180525142239-a4887aeaa186/go.mod h1:F5haX7vjVVG0kc13fIWeqUViNPyEJxv/OmvnBo0Yme4=
github.com/coreos/pkg v0.0.0-20180928190104-399ea9e2e55f h1:lBNOc5arjvs8E5mO2tbpBpLoyyu8B6e44T7hJy6potg=
github.com/coreos/pkg v0.0.0-20180928190104-399ea9e2e55f/go.mod h1:E3G3o1h8I7cfcXa63jLwjI0eiQQMgzzUDFVpN/nH/eA=
github.com/davecgh/go-spew v1.1.0/go.mod h1:J7Y8YcW2NihsgmVo/mv3lAwl/skON4iLHjSsI+c5H38=
github.com/davecgh/go-spew v1.1.1 h1:vj9j/u1bqnvCEfJOwUhtlOARqs3+rkHYY13jYWTU97c=
github.com/davecgh/go-spew v1.1.1/go.mod h1:J7Y8YcW2NihsgmVo/mv3lAwl/skON4iLHjSsI+c5H38=
github.com/dgrijalva/jwt-go v0.0.0-20160705203006-01aeca54ebda h1:NyywMz59neOoVRFDz+ccfKWxn784fiHMDnZSy6T+JXY=
github.com/dgrijalva/jwt-go v0.0.0-20160705203006-01aeca54ebda/go.mod h1:E3ru+11k8xSBh+hMPgOLZmtrrCbhqsmaPHjLKYnJCaQ=
github.com/djherbis/atime v0.0.0-20170215084934-89517e96e10b h1:e0AH6GKm2gddyuEilb3+K3LmRUb2dK23JDDrZJ7dmD8=
github.com/djherbis/atime v0.0.0-20170215084934-89517e96e10b/go.mod h1:5W+KBIuTwVGcqjIfaTwt+KSYX1o6uep8dtevevQP/f8=
github.com/dustin/go-humanize v0.0.0-20170228161531-259d2a102b87 h1:uPzP/9GIqYKvZAmz4IayKMMZiWRWNtGynUREBtTXPXA=
github.com/dustin/go-humanize v0.0.0-20170228161531-259d2a102b87/go.mod h1:HtrtbFcZ19U5GC7JDqmcUSB87Iq5E25KnS6fMYU6eOk=
github.com/eapache/go-resiliency v0.0.0-20160104191539-b86b1ec0dd42 h1:f8ERmXYuaC+kCSv2w+y3rBK/oVu6If4DEm3jywJJ0hc=
github.com/eapache/go-resiliency v0.0.0-20160104191539-b86b1ec0dd42/go.mod h1:kFI+JgMyC7bLPUVY133qvEBtVayf5mFgVsvEsIPBvNs=
github.com/eapache/go-xerial-snappy v0.0.0-20160609142408-bb955e01b934 h1:oGLoaVIefp3tiOgi7+KInR/nNPvEpPM6GFo+El7fd14=
github.com/eapache/go-xerial-snappy v0.0.0-20160609142408-bb955e01b934/go.mod h1:+020luEh2TKB4/GOp8oxxtq0Daoen/Cii55CzbTV6DU=
github.com/eapache/queue v1.1.0 h1:YOEu7KNc61ntiQlcEeUIoDTJ2o8mQznoNvUhiigpIqc=
github.com/eapache/queue v1.1.0/go.mod h1:6eCeP0CKFpHLu8blIFXhExK/dRa7WDZfr6jVFPTqq+I=
github.com/eclipse/paho.mqtt.golang v0.0.0-20181129145454-379fd9f99ba5 h1:2AEPnz/cyD83iOHC1HaW06xSW6/0xCpKkuGEBHvWvYs=
github.com/eclipse/paho.mqtt.golang v0.0.0-20181129145454-379fd9f99ba5/go.mod h1:H9keYFcgq3Qr5OUJm/JZI/i6U7joQ8SYLhZwfeOo6Ts=
github.com/elazarl/go-bindata-assetfs v0.0.0-20151224045452-57eb5e1fc594 h1:McZ/pt/pP/XAbLMDQGzm/iQUwW6OXmKVbFtmH9klWmc=
github.com/elazarl/go-bindata-assetfs v0.0.0-20151224045452-57eb5e1fc594/go.mod h1:v+YaWX3bdea5J/mo8dSETolEo7R71Vk1u8bnjau5yw4=
github.com/fatih/color v0.0.0-20170113151612-42c364ba4900 h1:yaAixUzK7qm6Y4TG1i96KBhcjvXoHDoNhsn+rk61XgY=
github.com/fatih/color v0.0.0-20170113151612-42c364ba4900/go.mod h1:Zm6kSWBoL9eyXnKyktHP6abPY2pDugNf5KwzbycvMj4=
github.com/fatih/color v1.7.0 h1:DkWD4oS2D8LGGgTQ6IvwJJXSL5Vp2ffcQg58nFV38Ys=
github.com/fatih/color v1.7.0/go.mod h1:Zm6kSWBoL9eyXnKyktHP6abPY2pDugNf5KwzbycvMj4=
github.com/fatih/structs v1.1.0 h1:Q7juDM0QtcnhCpeyLGQKyg4TOIghuNXrkL32pHAUMxo=
github.com/fatih/structs v1.1.0/go.mod h1:9NiDSp5zOcgEDl+j00MP/WkGVPOlPRLejGD8Ga6PJ7M=
github.com/go-ini/ini v1.25.4/go.mod h1:ByCAeIL28uOIIG0E3PJtZPDL8WnHpFKFOtgjp+3Ies8=
github.com/go-ini/ini v1.27.0 h1:NZxJFHRR+/icTJIuCQTo3UfYs3N1TRnWeNdiT7BLOjk=
github.com/go-ini/ini v1.27.0/go.mod h1:ByCAeIL28uOIIG0E3PJtZPDL8WnHpFKFOtgjp+3Ies8=
github.com/go-sql-driver/mysql v0.0.0-20181218123637-c45f530f8e7f h1:fbIzwEaXt5b2bl9mm+PIufKTSGKk6ZuwSSTQ7iZj7Lo=
github.com/go-sql-driver/mysql v0.0.0-20181218123637-c45f530f8e7f/go.mod h1:zAC/RDZ24gD3HViQzih4MyKcchzm+sOG5ZlKdlhCg5w=
github.com/gogo/protobuf v0.0.0-20161220170212-84af2615df1b h1:xEk31ToB+0XsD0BKkKSws9hrXoIVKC7mCSl0/tq04Co=
github.com/gogo/protobuf v0.0.0-20161220170212-84af2615df1b/go.mod h1:r8qH/GZQm5c6nD/R0oafs1akxWv10x8SbQlK7atdtwQ=
github.com/golang/protobuf v1.1.0/go.mod h1:6lQm79b+lXiMfvg/cZm0SGofjICqVBUtrP5yJMmIC1U=
github.com/golang/protobuf v1.2.0 h1:P3YflyNX/ehuJFLhxviNdFxQPkGK5cDcApsge1SqnvM=
github.com/golang/protobuf v1.2.0/go.mod h1:6lQm79b+lXiMfvg/cZm0SGofjICqVBUtrP5yJMmIC1U=
github.com/golang/snappy v0.0.0-20180518054509-2e65f85255db h1:woRePGFeVFfLKN/pOkfl+p/TAqKOfFu+7KPlMVpok/w=
github.com/golang/snappy v0.0.0-20180518054509-2e65f85255db/go.mod h1:/XxbfmMg8lxefKM7IXC3fBNl/7bRcc72aCRzEWrmP2Q=
github.com/gomodule/redigo v0.0.0-20190205135352-43fe51054af5 h1:HVDzcZHqJUlNfCqPdTMidgAPVeDZR32Vuam64ikElJA=
github.com/gomodule/redigo v0.0.0-20190205135352-43fe51054af5/go.mod h1:B4C85qUVwatsJoIUNIfCRsp7qO0iAmpGFZ4EELWSbC4=
github.com/google/go-cmp v0.2.0/go.mod h1:oXzfMopK8JAjlY9xF4vHSVASa0yLyX7SntLO5aqRK0M=
github.com/googleapis/gax-go v0.0.0-20170321005343-9af46dd5a171/go.mod h1:SFVmujtThgffbyetf+mdk2eWhX2bMyUtNHzFKcPA9HY=
github.com/googleapis/gax-go v2.0.0+incompatible h1:j0GKcs05QVmm7yesiZq2+9cxHkNK9YM6zKx4D2qucQU=
github.com/googleapis/gax-go v2.0.0+incompatible/go.mod h1:SFVmujtThgffbyetf+mdk2eWhX2bMyUtNHzFKcPA9HY=
github.com/gorilla/context v0.0.0-20160525203319-aed02d124ae4 h1:3nOfQt8sRPYbXORD5tJ8YyQ3HlL2Jt3LJ2U17CbNh6I=
github.com/gorilla/context v0.0.0-20160525203319-aed02d124ae4/go.mod h1:kBGZzfjB9CEq2AlWe17Uuf7NDRt0dE0s8S51q0aT7Yg=
github.com/gorilla/handlers v0.0.0-20160410185317-66e6c6f01d8d h1:wroUBCGyWwKzb/MvvcfuO91P7c0cR8oNoFVvNd3B2kU=
github.com/gorilla/handlers v0.0.0-20160410185317-66e6c6f01d8d/go.mod h1:Qkdc/uu4tH4g6mTK6auzZ766c4CA0Ng8+o/OAirnOIQ=
github.com/gorilla/mux v0.0.0-20160605233521-9fa818a44c2b h1:OFvZV3a+25cGJH9dETHw0nk0wV6hLZI7IJijOkXEFS0=
github.com/gorilla/mux v0.0.0-20160605233521-9fa818a44c2b/go.mod h1:1lud6UwP+6orDFRuTfBEV8e9/aOM/c4fVVCaMa2zaAs=
github.com/gorilla/rpc v0.0.0-20160517062331-bd3317b8f670 h1:YzxOFT0J9DX8G4WfjA0j5A9Pih7ED5ztSE/zU/TnBK8=
github.com/gorilla/rpc v0.0.0-20160517062331-bd3317b8f670/go.mod h1:V4h9r+4sF5HnzqbwIez0fKSpANP0zlYd3qR7p36jkTQ=
github.com/grpc-ecosystem/go-grpc-middleware v0.0.0-20180522105215-e9c5d9645c43 h1:WF3hEPHuOkYZ8ciYf67rN96IoyTvYJaqA7RSVrsm0/s=
github.com/grpc-ecosystem/go-grpc-middleware v0.0.0-20180522105215-e9c5d9645c43/go.mod h1:FiyG127CGDf3tlThmgyCl78X/SZQqEOJBCDaAfeWzPs=
github.com/hashicorp/errwrap v0.0.0-20180715044906-d6c0cd880357 h1:Rem2+U35z1QtPQc6r+WolF7yXiefXqDKyk+lN2pE164=
github.com/hashicorp/errwrap v0.0.0-20180715044906-d6c0cd880357/go.mod h1:YH+1FKiLXxHSkmPseP+kNlulaMuP3n2brvKWEqk/Jc4=
github.com/hashicorp/errwrap v1.0.0 h1:hLrqtEDnRye3+sgx6z4qVLNuviH3MR5aQ0ykNJa/UYA=
github.com/hashicorp/errwrap v1.0.0/go.mod h1:YH+1FKiLXxHSkmPseP+kNlulaMuP3n2brvKWEqk/Jc4=
github.com/hashicorp/go-cleanhttp v0.0.0-20171218145408-d5fe4b57a186 h1:URgjUo+bs1KwatoNbwG0uCO4dHN4r1jsp4a5AGgHRjo=
github.com/hashicorp/go-cleanhttp v0.0.0-20171218145408-d5fe4b57a186/go.mod h1:JpRdi6/HCYpAwUzNwuwqhbovhLtngrth3wmdIIUrZ80=
github.com/hashicorp/go-multierror v0.0.0-20180717150148-3d5d8f294aa0 h1:j30noezaCfvNLcdMYSvHLv81DxYRSt1grlpseG67vhU=
github.com/hashicorp/go-multierror v0.0.0-20180717150148-3d5d8f294aa0/go.mod h1:JMRHfdO9jKNzS/+BTlxCjKNQHg/jZAft8U7LloJvN7I=
github.com/hashicorp/go-multierror v1.0.0 h1:iVjPR7a6H0tWELX5NxNe7bYopibicUzc7uPribsnS6o=
github.com/hashicorp/go-multierror v1.0.0/go.mod h1:dHtQlpGsu+cZNNAkkCN/P3hoUDHhCYQXV3UM06sGGrk=
github.com/hashicorp/go-retryablehttp v0.0.0-20180718195005-e651d75abec6 h1:qCv4319q2q7XKn0MQbi8p37hsJ+9Xo8e6yojA73JVxk=
github.com/hashicorp/go-retryablehttp v0.0.0-20180718195005-e651d75abec6/go.mod h1:fXcdFsQoipQa7mwORhKad5jmDCeSy/RCGzWA08PO0lM=
github.com/hashicorp/go-rootcerts v0.0.0-20160503143440-6bb64b370b90 h1:VBj0QYQ0u2MCJzBfeYXGexnAl17GsH1yidnoxCqqD9E=
github.com/hashicorp/go-rootcerts v0.0.0-20160503143440-6bb64b370b90/go.mod h1:o4zcYY1e0GEZI6eSEr+43QDYmuGglw1qSO6qdHUHCgg=
github.com/hashicorp/go-sockaddr v1.0.1 h1:eCkkJ5KOOktDvwbsE9KPyiBWaOfp1ZNy2gLHgL8PSBM=
github.com/hashicorp/go-sockaddr v1.0.1/go.mod h1:rB4wwRAUzs07qva3c5SdrY/NEtAUjGlgmH/UkBUC97A=
github.com/hashicorp/go-version v0.0.0-20160119211326-7e3c02b30806 h1:0MKTKHll8VOZ0ciR+yTIEJ8JrT0UUiRDsgtujJT7a8U=
github.com/hashicorp/go-version v0.0.0-20160119211326-7e3c02b30806/go.mod h1:fltr4n8CU8Ke44wwGCBoEymUuxUHl09ZGVZPK5anwXA=
github.com/hashicorp/hcl v1.0.0 h1:0Anlzjpi4vEasTeNFn2mLJgTSwt0+6sfsiTG8qcWGx4=
github.com/hashicorp/hcl v1.0.0/go.mod h1:E5yfLk+7swimpb2L/Alb/PJmXilQ/rhwaUYs4T20WEQ=
github.com/hashicorp/vault v0.0.0-20181121181053-d4367e581fe1 h1:Z9HQ6wYfPZvwDMPFBMxnAO7SI80iGMq+Hhd2+dOsp84=
github.com/hashicorp/vault v0.0.0-20181121181053-d4367e581fe1/go.mod h1:KfSyffbKxoVyspOdlaGVjIuwLobi07qD1bAbosPMpP0=
github.com/howeyc/gopass v0.0.0-20170109162249-bf9dde6d0d2c h1:kQWxfPIHVLbgLzphqk3QUflDy9QdksZR4ygR807bpy0=
github.com/howeyc/gopass v0.0.0-20170109162249-bf9dde6d0d2c/go.mod h1:lADxMC39cJJqL93Duh1xhAs4I2Zs8mKS89XWXFGp9cs=
github.com/inconshreveable/go-update v0.0.0-20160112193335-8152e7eb6ccf h1:WfD7VjIE6z8dIvMsI4/s+1qr5EL+zoIGev1BQj1eoJ8=
github.com/inconshreveable/go-update v0.0.0-20160112193335-8152e7eb6ccf/go.mod h1:hyb9oH7vZsitZCiBt0ZvifOrB+qc8PS5IiilCIb87rg=
github.com/jmespath/go-jmespath v0.0.0-20160202185014-0b12d6b521d8/go.mod h1:Nht3zPeWKUH0NzdCt2Blrr5ys8VGpn0CEB0cQHVjt7k=
github.com/klauspost/compress v1.3.0 h1:kKeUSEWOEaY7o6tEo81HGkvA90Q+qCd1WIkOjr7HgvQ=
github.com/klauspost/compress v1.3.0/go.mod h1:RyIbtBH6LamlWaDj8nUwkbUhJ87Yi3uG0guNDohfE1A=
github.com/klauspost/cpuid v0.0.0-20160106104451-349c67577817 h1:/7pPahIC+GoCm/euDCi2Pm29bAj9tc6TcK4Zcc8D3WI=
github.com/klauspost/cpuid v0.0.0-20160106104451-349c67577817/go.mod h1:Pj4uuM528wm8OyEC2QMXAi2YiTZ96dNQPGgoMS4s3ek=
github.com/klauspost/crc32 v0.0.0-20161016154125-cb6bfca970f6 h1:KAZ1BW2TCmT6PRihDPpocIy1QTtsAsrx6TneU/4+CMg=
github.com/klauspost/crc32 v0.0.0-20161016154125-cb6bfca970f6/go.mod h1:+ZoRqAPRLkC4NPOvfYeR5KNOrY6TD+/sAC3HXPZgDYg=
github.com/klauspost/pgzip v0.0.0-20180606150939-90b2c57fba35 h1:V1xjy9E/9RjLJs+cSLIY0LxUtqc2q1Ufq5O7MhOqfz8=
github.com/klauspost/pgzip v0.0.0-20180606150939-90b2c57fba35/go.mod h1:Ch1tH69qFZu15pkjo5kYi6mth2Zzwzt50oCQKQE9RUs=
github.com/klauspost/reedsolomon v0.0.0-20190210214925-2b210cf0866d h1:alKbTsh5QbtSTSX09Xoi13lfftojLoznxBowyexhpkQ=
github.com/klauspost/reedsolomon v0.0.0-20190210214925-2b210cf0866d/go.mod h1:CwCi+NUr9pqSVktrkN+Ondf06rkhYZ/pcNv7fu+8Un4=
github.com/lib/pq v0.0.0-20181016162627-9eb73efc1fcc h1:0pifi8wVV/YuUKBDmlH3koJgRVnUJ2RiJQ8ly/1/aJ8=
github.com/lib/pq v0.0.0-20181016162627-9eb73efc1fcc/go.mod h1:5WUZQaWbwv1U+lTReE5YruASi9Al49XbQIvNi/34Woo=
github.com/mattn/go-colorable v0.0.5 h1:X1IeP+MaFWC+vpbhw3y426rQftzXSj+N7eJFnBEMBfE=
github.com/mattn/go-colorable v0.0.5/go.mod h1:9vuHe8Xs5qXnSaW/c/ABM9alt+Vo+STaOChaDxuIBZU=
github.com/mattn/go-colorable v0.0.9 h1:UVL0vNpWh04HeJXV0KLcaT7r06gOH2l4OW6ddYRUIY4=
github.com/mattn/go-colorable v0.0.9/go.mod h1:9vuHe8Xs5qXnSaW/c/ABM9alt+Vo+STaOChaDxuIBZU=
github.com/mattn/go-isatty v0.0.0-20161123143637-30a891c33c7c h1:YHHK/dEmr2Jo1cWD1VMB2waEeHJhHFp3CEylwWy/VcY=
github.com/mattn/go-isatty v0.0.0-20161123143637-30a891c33c7c/go.mod h1:M+lRXTBqGeGNdLjl/ufCoiOlB5xdOkqRJdNxMWT7Zi4=
github.com/mattn/go-isatty v0.0.3 h1:ns/ykhmWi7G9O+8a448SecJU3nSMBXJfqQkl0upE1jI=
github.com/mattn/go-isatty v0.0.3/go.mod h1:M+lRXTBqGeGNdLjl/ufCoiOlB5xdOkqRJdNxMWT7Zi4=
github.com/matttproud/golang_protobuf_extensions v1.0.1 h1:4hp9jkHxhMHkqkrB3Ix0jegS5sx/RkqARlsWZ6pIwiU=
github.com/matttproud/golang_protobuf_extensions v1.0.1/go.mod h1:D8He9yQNgCq6Z5Ld7szi9bcBfOoFv/3dc6xSMkL2PC0=
github.com/miekg/dns v0.0.0-20160726032027-db96a2b759cd h1:CeapLRDOCwa+mOTigsBvhGS0TfEN8VchyBnh3f6QFtY=
github.com/miekg/dns v0.0.0-20160726032027-db96a2b759cd/go.mod h1:W1PPwlIAgtquWBMBEV9nkV9Cazfe8ScdGz/Lj7v3Nrg=
github.com/minio/blazer v0.0.0-20171126203752-2081f5bf0465 h1:rV63TOug3ph7F/cpkDSXdZNxyH3LCta+Lk5A/IYkt/0=
github.com/minio/blazer v0.0.0-20171126203752-2081f5bf0465/go.mod h1:ChYiRE5crAmaOo0dQth8FJCtLTiPH9QEMVlDcMp+938=
github.com/minio/cli v0.0.0-20170227073228-b8ae5507c0ce h1:cMutC6C4ElU0TVblNfXx6us/E5J54zgxMCoELhQ+Dj4=
github.com/minio/cli v0.0.0-20170227073228-b8ae5507c0ce/go.mod h1:hLsWNQy2wIf3FKFnMlH69f4RdEyn8nbRA2shaulTjGY=
github.com/minio/dsync v0.0.0-20190104003057-61c41ffdeea2 h1:d244DGqthdKVVB7fKUN/oVK0w1GEP3Da5YUAJKZivU4=
github.com/minio/dsync v0.0.0-20190104003057-61c41ffdeea2/go.mod h1:eLQe3mXL0h02kNpPtBJiLr1fIEIJftgXRAjncjQbxJo=
github.com/minio/highwayhash v0.0.0-20181220011308-93ed73d64169 h1:ysJt+W4oIB0YVMckoJt6SjJN/eF57XQdAlWZw786smU=
github.com/minio/highwayhash v0.0.0-20181220011308-93ed73d64169/go.mod h1:NL8wme5P5MoscwAkXfGroz3VgpCdhBw3KYOu5mEsvpU=
github.com/minio/lsync v0.0.0-20170809210826-2d7c40f41402 h1:/AR63Nnj7/EVlO/0yreb4jp+Iuwmzhfi6bgiUl9KD+A=
github.com/minio/lsync v0.0.0-20170809210826-2d7c40f41402/go.mod h1:ni10+iSX7FO8N2rv41XM444V6w4rYO0dZo5KIkbn/YA=
github.com/minio/lsync v0.0.0-20170809210826-a4e43e3d0887 h1:63YKZKHXJkQ2XK8KbIZh13lznzU6bmbZM12glXTy0cw=
github.com/minio/lsync v0.0.0-20170809210826-a4e43e3d0887/go.mod h1:ni10+iSX7FO8N2rv41XM444V6w4rYO0dZo5KIkbn/YA=
github.com/minio/mc v0.0.0-20160229164230-db6b4f13442b h1:BrC2K8Lxyl6PUs7B4GJ5FReN9ya1kgvXS27w2eV2ozw=
github.com/minio/mc v0.0.0-20160229164230-db6b4f13442b/go.mod h1:pPcAoOwWUSIBqoLtp+0LEACUBUPhodkXwisyYrNgQ5o=
github.com/minio/minio-go v0.0.0-20190120100529-a42b0e14697f/go.mod h1:7guKYtitv8dktvNUGrhzmNlA5wrAABTQXCoesZdFQO8=
github.com/minio/minio-go v6.0.14+incompatible h1:fnV+GD28LeqdN6vT2XdGKW8Qe/IfjJDswNVuni6km9o=
github.com/minio/minio-go v6.0.14+incompatible/go.mod h1:7guKYtitv8dktvNUGrhzmNlA5wrAABTQXCoesZdFQO8=
github.com/minio/parquet-go v0.0.0-20190210145630-d5e4e922da82 h1:wCGKa1frvccm5fysUkkAR045qPlA05CkQQMrP0jF41k=
github.com/minio/parquet-go v0.0.0-20190210145630-d5e4e922da82/go.mod h1:LqzNnVFYdq2V72/fwiQji4bMZ9i+ZuoiyCrGFxCud5M=
github.com/minio/sha256-simd v0.0.0-20170828173933-43ed500fe4d4 h1:kiHANhpIVDf6AG7HL+kk3NhyZTBph3409nvirLuUiCE=
github.com/minio/sha256-simd v0.0.0-20170828173933-43ed500fe4d4/go.mod h1:2FMWW+8GMoPweT6+pI63m9YE3Lmw4J71hV56Chs1E/U=
github.com/minio/sio v0.0.0-20180315104056-b421622190be h1:CbFMuIHETc/jxXz0r67pXjR+W6qolCQR2ouUO8QBMhA=
github.com/minio/sio v0.0.0-20180315104056-b421622190be/go.mod h1:PDJGYr8GXjiOTIst0hQMOSK5FdXLwObr2cGbiMddDPc=
github.com/mitchellh/cli v1.0.0/go.mod h1:hNIlj7HEI86fIcpObd7a0FcrxTWetlwJDGcceTlRvqc=
github.com/mitchellh/go-homedir v0.0.0-20161203194507-b8bc1bf76747 h1:eQox4Rh4ewJF+mqYPxCkmBAirRnPaHEB26UkNuPyjlk=
github.com/mitchellh/go-homedir v0.0.0-20161203194507-b8bc1bf76747/go.mod h1:SfyaCUpYCn1Vlf4IUYiD9fPX4A5wJrkLzIz1N1q0pr0=
github.com/mitchellh/go-wordwrap v1.0.0/go.mod h1:ZXFpozHsX6DPmq2I0TCekCxypsnAUbP2oI0UX1GXzOo=
github.com/mitchellh/mapstructure v0.0.0-20150717051158-281073eb9eb0 h1:6VeKv8nNMVKA6qmZLYnPTx0tJ//NbDj1SbubWIikJ9k=
github.com/mitchellh/mapstructure v0.0.0-20150717051158-281073eb9eb0/go.mod h1:FVVH3fgwuzCH5S8UJGiWEs2h04kUh9fWfEaFds41c1Y=
github.com/nats-io/go-nats v0.0.0-20161120202126-6b6bf392d34d h1:WB/xFGGdAliPnwnKOUIXp9qLCYQtbh09j2nDgtzI948=
github.com/nats-io/go-nats v0.0.0-20161120202126-6b6bf392d34d/go.mod h1:+t7RHT5ApZebkrQdnn6AhQJmhJJiKAvJUio1PiiCtj0=
github.com/nats-io/go-nats-streaming v0.0.0-20161216191029-077898146bfb h1:jUIMu/j8MvC05arCap7hVlhNStawzBrQaZ2CU+IHrSE=
github.com/nats-io/go-nats-streaming v0.0.0-20161216191029-077898146bfb/go.mod h1:gfq4R3c9sKAINOpelo0gn/b9QDMBZnmrttcsNF+lqyo=
github.com/nats-io/nats v0.0.0-20160916181735-70b70be17b77 h1:3Uk8Cn5GxarM118Ya1pkd7p8Y0DQgNlbhaJaqBOvDwY=
github.com/nats-io/nats v0.0.0-20160916181735-70b70be17b77/go.mod h1:PpmYZwlgTfBI56QypJLfIMOfLnMRuVs+VL6r8mQ2SoQ=
github.com/nats-io/nuid v1.0.0 h1:44QGdhbiANq8ZCbUkdn6W5bqtg+mHuDE4wOUuxxndFs=
github.com/nats-io/nuid v1.0.0/go.mod h1:19wcPz3Ph3q0Jbyiqsd0kePYG7A95tJPxeL+1OSON2c=
github.com/nsqio/go-nsq v0.0.0-20181028195256-0527e80f3ba5 h1:pQydq98llDs8dmbPtEtgFT8gsKwGnRs811DDKHqWWLA=
github.com/nsqio/go-nsq v0.0.0-20181028195256-0527e80f3ba5/go.mod h1:XP5zaUs3pqf+Q71EqUJs3HYfBIqfK6G83WQMdNN+Ito=
github.com/openzipkin/zipkin-go v0.1.1/go.mod h1:NtoC/o8u3JlF1lSlyPNswIbeQH9bJTmOf0Erfk+hxe8=
github.com/pierrec/lz4 v0.0.0-20180911175858-1f6e18d34f67/go.mod h1:3/3N9NVKO0jef7pBehbT1qWhCMrIgbYNnFAZCqQ5LRc=
github.com/pierrec/lz4 v2.0.5+incompatible h1:2xWsjqPFWcplujydGg4WmhC/6fZqK42wMM8aXeqhl0I=
github.com/pierrec/lz4 v2.0.5+incompatible/go.mod h1:pdkljMzZIN41W+lC3N2tnIh5sFi+IEE17M5jbnwPHcY=
github.com/pkg/profile v0.0.0-20180809112205-057bc52a47ec/go.mod h1:hJw3o1OdXxsrSjjVksARp5W95eeEaEfptyVZyv6JUPA=
github.com/pkg/profile v1.2.1 h1:F++O52m40owAmADcojzM+9gyjmMOY/T4oYJkgFDH8RE=
github.com/pkg/profile v1.2.1/go.mod h1:hJw3o1OdXxsrSjjVksARp5W95eeEaEfptyVZyv6JUPA=
github.com/pmezard/go-difflib v1.0.0/go.mod h1:iKH77koFhYxTK1pcRnkKkqfTogsbg7gZNVY4sRDYZ/4=
github.com/posener/complete v1.1.1/go.mod h1:em0nMJCgc9GFtwrmVmEMR/ZL6WyhyjMBndrE9hABlRI=
github.com/prometheus/client_golang v0.0.0-20180416233856-82f5ff156b29/go.mod h1:7SWBe2y4D6OKWSNQJUaRYU/AaXPKyh/dDVn+NZz0KFw=
github.com/prometheus/client_golang v0.8.0 h1:1921Yw9Gc3iSc4VQh3PIoOqgPCZS7G/4xQNVUp8Mda8=
github.com/prometheus/client_golang v0.8.0/go.mod h1:7SWBe2y4D6OKWSNQJUaRYU/AaXPKyh/dDVn+NZz0KFw=
github.com/prometheus/client_golang v0.9.2 h1:awm861/B8OKDd2I/6o1dy3ra4BamzKhYOiGItCeZ740=
github.com/prometheus/client_golang v0.9.2/go.mod h1:OsXs2jCmiKlQ1lTBmv21f2mNfw4xf/QclQDMrYNZzcM=
github.com/prometheus/client_model v0.0.0-20171117100541-99fa1f4be8e5/go.mod h1:MbSGuTsp3dbXC40dX6PRTWyKYBIrTGTE9sqQNg2J8bo=
github.com/prometheus/client_model v0.0.0-20180712105110-5c3871d89910 h1:idejC8f05m9MGOsuEi1ATq9shN03HrxNkD/luQvxCv8=
github.com/prometheus/client_model v0.0.0-20180712105110-5c3871d89910/go.mod h1:MbSGuTsp3dbXC40dX6PRTWyKYBIrTGTE9sqQNg2J8bo=
github.com/prometheus/common v0.0.0-20180326160409-38c53a9f4bfc/go.mod h1:daVV7qP5qjZbuso7PdcryaAu0sAZbrN9i7WWcTMWvro=
github.com/prometheus/common v0.0.0-20180801064454-c7de2306084e h1:n/3MEhJQjQxrOUCzh1Y3Re6aJUUWRp2M9+Oc3eVn/54=
github.com/prometheus/common v0.0.0-20180801064454-c7de2306084e/go.mod h1:daVV7qP5qjZbuso7PdcryaAu0sAZbrN9i7WWcTMWvro=
github.com/prometheus/common v0.0.0-20181126121408-4724e9255275 h1:PnBWHBf+6L0jOqq0gIVUe6Yk0/QMZ640k6NvkxcBf+8=
github.com/prometheus/common v0.0.0-20181126121408-4724e9255275/go.mod h1:daVV7qP5qjZbuso7PdcryaAu0sAZbrN9i7WWcTMWvro=
github.com/prometheus/procfs v0.0.0-20180408092902-8b1c2da0d56d/go.mod h1:c3At6R/oaqEKCNdg8wHV1ftS6bRYblBhIjjI8uT2IGk=
github.com/prometheus/procfs v0.0.0-20180725123919-05ee40e3a273 h1:agujYaXJSxSo18YNX3jzl+4G6Bstwt+kqv47GS12uL0=
github.com/prometheus/procfs v0.0.0-20180725123919-05ee40e3a273/go.mod h1:c3At6R/oaqEKCNdg8wHV1ftS6bRYblBhIjjI8uT2IGk=
github.com/prometheus/procfs v0.0.0-20181204211112-1dc9a6cbc91a h1:9a8MnZMP0X2nLJdBg+pBmGgkJlSaKC2KaQmTCk1XDtE=
github.com/prometheus/procfs v0.0.0-20181204211112-1dc9a6cbc91a/go.mod h1:c3At6R/oaqEKCNdg8wHV1ftS6bRYblBhIjjI8uT2IGk=
github.com/rjeczalik/notify v0.0.0-20180808203925-4e54e7fd043e h1:XnKNwMFqs8SHYw8rNJt+rGKUeRM9LHRcCrupfOiAhQ0=
github.com/rjeczalik/notify v0.0.0-20180808203925-4e54e7fd043e/go.mod h1:rKwnCoCGeuQnwBtTSPL9Dad03Vh2n40ePRrjvIXnJho=
github.com/rs/cors v0.0.0-20190116175910-76f58f330d76 h1:kz+slcZ3xepXoLw24pyf3+fnc3WJITZ91IEa+PJTv2g=
github.com/rs/cors v0.0.0-20190116175910-76f58f330d76/go.mod h1:gFx+x8UowdsKA9AchylcLynDq+nNFfI8FkUZdN/jGCU=
github.com/ryanuber/columnize v2.1.0+incompatible/go.mod h1:sm1tb6uqfes/u+d4ooFouqFdy9/2g9QGwK3SQygK0Ts=
github.com/ryanuber/go-glob v1.0.0 h1:iQh3xXAumdQ+4Ufa5b25cRpC5TYKlno6hsv6Cb3pkBk=
github.com/ryanuber/go-glob v1.0.0/go.mod h1:807d1WSdnB0XRJzKNil9Om6lcp/3a0v4qIHxIXzX/Yc=
github.com/satori/uuid v0.0.0-20170321230731-5bf94b69c6b6 h1:mHrLhmER4Vz69d4f4Kw+6zqsrWcG8VlzqIbgQMdXPXc=
github.com/satori/uuid v0.0.0-20170321230731-5bf94b69c6b6/go.mod h1:B8HLsPLik/YNn6KKWVMDJ8nzCL8RP5WyfsnmvnAEwIU=
github.com/segmentio/go-prompt v0.0.0-20161017233205-f0d19b6901ad h1:2ZO86bDscwpNrDfu3R0YlSF1igDzsk0EdrLzwgJqqUQ=
github.com/segmentio/go-prompt v0.0.0-20161017233205-f0d19b6901ad/go.mod h1:B3ehdD1xPoWDKgrQgUaGk+m8H1xb1J5TyYDfKpKNeEE=
github.com/skyrings/skyring-common v0.0.0-20160324141443-762fd2bfc12e h1:oZ1fpzB0OtG3e9d1NbnERBTvQGx5NDZ1pr2kWPZbGUI=
github.com/skyrings/skyring-common v0.0.0-20160324141443-762fd2bfc12e/go.mod h1:d8hQseuYt4rJoOo21lFzYJdhMjmDqLY++ayArbgYjWI=
github.com/streadway/amqp v0.0.0-20160311215503-2e25825abdbd h1:625/bJvSNfQrzzK5ttnUqMqnVe8M5MILmf5ZRGgeeDY=
github.com/streadway/amqp v0.0.0-20160311215503-2e25825abdbd/go.mod h1:1WNBiOZtZQLpVAyu0iTduoJL9hEsMloAK5XWrtW0xdY=
github.com/stretchr/testify v1.2.2/go.mod h1:a8OnRcib4nhh0OaRAV+Yts87kKdq0PP7pXfy6kDkUVs=
github.com/tidwall/gjson v1.1.4 h1:lonRDhK9sFzw7ogkERBgx5wF6lRP2bpjr6jiwVzYjYc=
github.com/tidwall/gjson v1.1.4/go.mod h1:c/nTNbUr0E0OrXEhq1pwa8iEgc2DOt4ZZqAt1HtCkPA=
github.com/tidwall/match v0.0.0-20160830173930-173748da739a h1:jkSy//MOkpJzPmsdrxnM+wiF/wdmVCFGegxccsSkm2Q=
github.com/tidwall/match v0.0.0-20160830173930-173748da739a/go.mod h1:LujAq0jyVjBy028G1WhWfIzbpQfMO8bBZ6Tyb0+pL9E=
github.com/tidwall/sjson v1.0.0 h1:hOrzQPtGKlKAudQVmU43GkxEgG8TOgKyiKUyb7sE0rs=
github.com/tidwall/sjson v1.0.0/go.mod h1:bURseu1nuBkFpIES5cz6zBtjmYeOQmEESshn7VpF15Y=
github.com/valyala/tcplisten v0.0.0-20161114210144-ceec8f93295a h1:0R4NLDRDZX6JcmhJgXi5E4b8Wg84ihbmUKp/GvSPEzc=
github.com/valyala/tcplisten v0.0.0-20161114210144-ceec8f93295a/go.mod h1:v3UYOV9WzVtRmSR+PDvWpU/qWl4Wa5LApYYX4ZtKbio=
go.opencensus.io v0.0.0-20180920172159-572ae0b6fd86/go.mod h1:QW8fv+nerGi6okEHX5oJBwCdGwcM2scQLP6hhgsXoN8=
go.opencensus.io v0.15.0 h1:r1SzcjSm4ybA0qZs3B4QYX072f8gK61Kh0qtwyFpfdk=
go.opencensus.io v0.15.0/go.mod h1:UffZAU+4sDEINUGP/B7UfBBkq4fqLu9zXAX7ke6CHW0=
go.uber.org/atomic v1.1.0 h1:wm63V2eSi29VDCF8+5+V0ruTF+GgWT9cW/J9mpkPtRo=
go.uber.org/atomic v1.1.0/go.mod h1:gD2HeocX3+yG+ygLZcrzQJaqmWj9AIm7n08wl/qW/PE=
go.uber.org/multierr v0.0.0-20180122172545-ddea229ff1df h1:shvkWr0NAZkg4nPuE3XrKP0VuBPijjk3TfX6Y6acFNg=
go.uber.org/multierr v0.0.0-20180122172545-ddea229ff1df/go.mod h1:wR5kodmAFQ0UK8QlbwjlSNy0Z68gJhDJUG5sjR94q/0=
go.uber.org/zap v0.0.0-20180627234335-7e7e266a8dbc h1:/mXwI/d+kiPZpbsEYfdx/Fb0QvzNNA9ru3PxJoVPoak=
go.uber.org/zap v0.0.0-20180627234335-7e7e266a8dbc/go.mod h1:vwi/ZaCAaUcBkycHslxD9B2zi4UTXhF60s6SWpuDF0Q=
golang.org/x/crypto v0.0.0-20180430181235-ae8bce003081 h1:0DFpebbjFw+PVEZi5RGs8adhq+pCpF+uwTwBAaldV/g=
golang.org/x/crypto v0.0.0-20180430181235-ae8bce003081/go.mod h1:6SG95UA2DQfeDnfUPMdvaQW0Q7yPrPDi9nlGo2tz2b4=
golang.org/x/net v0.0.0-20180530234432-1e491301e022/go.mod h1:mL1N/T3taQHkDXs73rZJwtUhF3w3ftmwwsq0BUmARs4=
golang.org/x/net v0.0.0-20180906233101-161cd47e91fd/go.mod h1:mL1N/T3taQHkDXs73rZJwtUhF3w3ftmwwsq0BUmARs4=
golang.org/x/net v0.0.0-20181201002055-351d144fa1fc/go.mod h1:mL1N/T3taQHkDXs73rZJwtUhF3w3ftmwwsq0BUmARs4=
golang.org/x/net v0.0.0-20190108225652-1e06a53dbb7e h1:bRhVy7zSSasaqNksaRZiA5EEI+Ei4I1nO5Jh72wfHlg=
golang.org/x/net v0.0.0-20190108225652-1e06a53dbb7e/go.mod h1:mL1N/T3taQHkDXs73rZJwtUhF3w3ftmwwsq0BUmARs4=
golang.org/x/oauth2 v0.0.0-20180603041954-1e0a3fa8ba9a/go.mod h1:N/0e6XlmueqKjAGxoOufVs8QHGRruUQn6yWY3a++T0U=
golang.org/x/oauth2 v0.0.0-20180821212333-d2e6202438be h1:vEDujvNQGv4jgYKudGeI/+DAX4Jffq6hpD55MmoEvKs=
golang.org/x/oauth2 v0.0.0-20180821212333-d2e6202438be/go.mod h1:N/0e6XlmueqKjAGxoOufVs8QHGRruUQn6yWY3a++T0U=
golang.org/x/sync v0.0.0-20180314180146-1d60e4601c6f/go.mod h1:RxMgew5VJxzue5/jJTE5uejpjVlOe/izrB70Jof72aM=
golang.org/x/sync v0.0.0-20181108010431-42b317875d0f/go.mod h1:RxMgew5VJxzue5/jJTE5uejpjVlOe/izrB70Jof72aM=
golang.org/x/sys v0.0.0-20180823144017-11551d06cbcc/go.mod h1:STP8DvDyc/dI5b8T5hshtkjS+E42TnysNCUPdjciGhY=
golang.org/x/sys v0.0.0-20180909124046-d0be0721c37e/go.mod h1:STP8DvDyc/dI5b8T5hshtkjS+E42TnysNCUPdjciGhY=
golang.org/x/sys v0.0.0-20190222171317-cd391775e71e h1:oF7qaQxUH6KzFdKN4ww7NpPdo53SZi4UlcksLrb2y/o=
golang.org/x/sys v0.0.0-20190222171317-cd391775e71e/go.mod h1:STP8DvDyc/dI5b8T5hshtkjS+E42TnysNCUPdjciGhY=
golang.org/x/text v0.0.0-20170427093521-470f45bf29f4/go.mod h1:NqM8EUOU14njkJ3fqMW+pc6Ldnwhi/IjpwHt7yyuwOQ=
golang.org/x/text v0.3.0 h1:g61tztE5qeGQ89tm6NTjjM9VPIm088od1l6aSorWRWg=
golang.org/x/text v0.3.0/go.mod h1:NqM8EUOU14njkJ3fqMW+pc6Ldnwhi/IjpwHt7yyuwOQ=
golang.org/x/time v0.0.0-20170927054726-6dc17368e09b h1:3X+R0qq1+64izd8es+EttB6qcY+JDlVmAhpRXl7gpzU=
golang.org/x/time v0.0.0-20170927054726-6dc17368e09b/go.mod h1:tRJNPiyCQ0inRvYxbN9jk5I+vvW/OXSQhTDSoE431IQ=
google.golang.org/api v0.0.0-20180603000442-8e296ef26005/go.mod h1:4mhQ8q/RsB7i+udVvVy5NUi08OU8ZlA0gRVgrF7VFY0=
google.golang.org/api v0.0.0-20180910000450-7ca32eb868bf/go.mod h1:4mhQ8q/RsB7i+udVvVy5NUi08OU8ZlA0gRVgrF7VFY0=
google.golang.org/api v0.0.0-20180916000451-19ff8768a5c0 h1:AJOCn+ScmtWxp6yySbxsiNXi+RrZaHqWgYbZUzl6oLc=
google.golang.org/api v0.0.0-20180916000451-19ff8768a5c0/go.mod h1:4mhQ8q/RsB7i+udVvVy5NUi08OU8ZlA0gRVgrF7VFY0=
google.golang.org/appengine v0.0.0-20180516225643-b9aad5d628b2/go.mod h1:EbEs0AVv82hx2wNQdGPgUI5lhzA/G0D9YwlJXL52JkM=
google.golang.org/appengine v1.0.0 h1:dN4LljjBKVChsv0XCSI+zbyzdqrkEwX5LQFUMRSGqOc=
google.golang.org/appengine v1.0.0/go.mod h1:EbEs0AVv82hx2wNQdGPgUI5lhzA/G0D9YwlJXL52JkM=
google.golang.org/genproto v0.0.0-20180601223552-81158efcc9f2/go.mod h1:JiN7NxoALGmiZfu7CAH4rXhgtRTLTxftemlI0sWmxmc=
google.golang.org/genproto v0.0.0-20180831171423-11092d34479b/go.mod h1:JiN7NxoALGmiZfu7CAH4rXhgtRTLTxftemlI0sWmxmc=
google.golang.org/genproto v0.0.0-20180918203901-c3f76f3b92d1 h1:9JN/x8g8h4eMemKiniLwss/+Avp9VmS+Es8eMU4Ifog=
google.golang.org/genproto v0.0.0-20180918203901-c3f76f3b92d1/go.mod h1:JiN7NxoALGmiZfu7CAH4rXhgtRTLTxftemlI0sWmxmc=
google.golang.org/grpc v1.12.0/go.mod h1:yo6s7OP7yaDglbqo1J04qKzAhqBH6lvTonzMVmEdcZw=
google.golang.org/grpc v1.13.0/go.mod h1:yo6s7OP7yaDglbqo1J04qKzAhqBH6lvTonzMVmEdcZw=
google.golang.org/grpc v1.14.0 h1:ArxJuB1NWfPY6r9Gp9gqwplT0Ge7nqv9msgu03lHLmo=
google.golang.org/grpc v1.14.0/go.mod h1:yo6s7OP7yaDglbqo1J04qKzAhqBH6lvTonzMVmEdcZw=
gopkg.in/Shopify/sarama.v1 v1.10.1 h1:SoBkWk2qrgFuiAVEGOYlw63FZcS6YLZYqo/z7wFOW2A=
gopkg.in/Shopify/sarama.v1 v1.10.1/go.mod h1:AxnvoaevB2nBjNK17cG61A3LleFcWFwVBHBt+cot4Oc=
gopkg.in/olivere/elastic.v5 v5.0.31 h1:MNyEvLWhMubs7rJBkhxwloHJ9VoXMf12G+CPH6e+ZfM=
gopkg.in/olivere/elastic.v5 v5.0.31/go.mod h1:FylZT6jQWtfHsicejzOm3jIMVPOAksa80i3o+6qtQRk=
gopkg.in/yaml.v2 v2.0.0-20160928153709-a5b47d31c556 h1:hKXbLW5oaJoQgs8KrzTLdF4PoHi+0oQPgea9TNtvE3E=
gopkg.in/yaml.v2 v2.0.0-20160928153709-a5b47d31c556/go.mod h1:JAlM8MvJe8wmxCU4Bli9HhUf9+ttbYbLASfIpnQbh74=
