github.com/minio/pkg v1.6.4 h1:k6XlhyJ8zOn90PI4csuMeePx7BQrcX1jorKriR5J2fo=
github.com/minio/pkg v1.6.4/go.mod h1:0iX1IuJGSCnMvIvrEJauk1GgQSX9JdU6Kh0P3EQRGkI=
github.com/minio/pkg/v2 v2.0.1 h1:MI3xMGCxoN5EEBRp98uEU5J0LlaF+8fLPtL8oHTHLX0=
github.com/minio/pkg/v2 v2.0.1/go.mod h1:6xTAr5M9yobpUroXAAaTrGJ9fhOZIqKYOT0I87u2yZ4=
